
Microsoft Visual Studio Solution File, Format Version 11.00
# Visual Studio 2010
Project("{FAE04EC0-301F-11D3-BF4B-00C04F79EFBC}") = "Assembly-CSharp", "Assembly-CSharp.csproj", "{1C858C1A-047E-4FEE-F19C-3BE7E03E3A2D}"
EndProject
Project("{FAE04EC0-301F-11D3-BF4B-00C04F79EFBC}") = "Assembly-CSharp-Editor", "Assembly-CSharp-Editor.csproj", "{60F51568-C9A9-A091-5666-E8EC3C4DB2DA}"
EndProject
Global
	GlobalSection(SolutionConfigurationPlatforms) = preSolution
		Debug|Any CPU = Debug|Any CPU
		Release|Any CPU = Release|Any CPU
	EndGlobalSection
	GlobalSection(ProjectConfigurationPlatforms) = postSolution
		{1C858C1A-047E-4FEE-F19C-3BE7E03E3A2D}.Debug|Any CPU.ActiveCfg = Debug|Any CPU
		{1C858C1A-047E-4FEE-F19C-3BE7E03E3A2D}.Debug|Any CPU.Build.0 = Debug|Any CPU
		{1C858C1A-047E-4FEE-F19C-3BE7E03E3A2D}.Release|Any CPU.ActiveCfg = Release|Any CPU
		{1C858C1A-047E-4FEE-F19C-3BE7E03E3A2D}.Release|Any CPU.Build.0 = Release|Any CPU
		{60F51568-C9A9-A091-5666-E8EC3C4DB2DA}.Debug|Any CPU.ActiveCfg = Debug|Any CPU
		{60F51568-C9A9-A091-5666-E8EC3C4DB2DA}.Debug|Any CPU.Build.0 = Debug|Any CPU
		{60F51568-C9A9-A091-5666-E8EC3C4DB2DA}.Release|Any CPU.ActiveCfg = Release|Any CPU
		{60F51568-C9A9-A091-5666-E8EC3C4DB2DA}.Release|Any CPU.Build.0 = Release|Any CPU
	EndGlobalSection
	GlobalSection(SolutionProperties) = preSolution
		HideSolutionNode = FALSE
	EndGlobalSection
EndGlobal
