
Microsoft Visual Studio Solution File, Format Version 12.00
# Visual Studio 2015
Project("{FAE04EC0-301F-11D3-BF4B-00C04F79EFBC}") = "Assembly-CSharp", "Assembly-CSharp.csproj", "{66409A4F-DF4D-286A-C19B-90190E1F867B}"
EndProject
Project("{FAE04EC0-301F-11D3-BF4B-00C04F79EFBC}") = "Assembly-CSharp-Editor", "Assembly-CSharp-Editor.csproj", "{D41FB5E6-9496-4A2B-33A1-F236C8EB9113}"
EndProject
Global
	GlobalSection(SolutionConfigurationPlatforms) = preSolution
		Debug|Any CPU = Debug|Any CPU
		Release|Any CPU = Release|Any CPU
	EndGlobalSection
	GlobalSection(ProjectConfigurationPlatforms) = postSolution
		{66409A4F-DF4D-286A-C19B-90190E1F867B}.Debug|Any CPU.ActiveCfg = Debug|Any CPU
		{66409A4F-DF4D-286A-C19B-90190E1F867B}.Debug|Any CPU.Build.0 = Debug|Any CPU
		{66409A4F-DF4D-286A-C19B-90190E1F867B}.Release|Any CPU.ActiveCfg = Release|Any CPU
		{66409A4F-DF4D-286A-C19B-90190E1F867B}.Release|Any CPU.Build.0 = Release|Any CPU
		{D41FB5E6-9496-4A2B-33A1-F236C8EB9113}.Debug|Any CPU.ActiveCfg = Debug|Any CPU
		{D41FB5E6-9496-4A2B-33A1-F236C8EB9113}.Debug|Any CPU.Build.0 = Debug|Any CPU
		{D41FB5E6-9496-4A2B-33A1-F236C8EB9113}.Release|Any CPU.ActiveCfg = Release|Any CPU
		{D41FB5E6-9496-4A2B-33A1-F236C8EB9113}.Release|Any CPU.Build.0 = Release|Any CPU
	EndGlobalSection
	GlobalSection(SolutionProperties) = preSolution
		HideSolutionNode = FALSE
	EndGlobalSection
EndGlobal
